
Microsoft Visual Studio Solution File, Format Version 12.00
# Visual Studio 14
VisualStudioVersion = 14.0.25420.1
MinimumVisualStudioVersion = 10.0.40219.1
Project("{FAE04EC0-301F-11D3-BF4B-00C04F79EFBC}") = "KDTreeVisualizer", "KDTreeVisualizer.csproj", "{ECE94E4C-E514-49EE-97A2-97F33A3C3CE7}"
EndProject
Project("{FAE04EC0-301F-11D3-BF4B-00C04F79EFBC}") = "KDTreeVisualizerTests", "..\KDTreeVisualizerTests\KDTreeVisualizerTests.csproj", "{736082F2-0F35-4656-AA8C-3E0122382F21}"
EndProject
Global
	GlobalSection(SolutionConfigurationPlatforms) = preSolution
		Debug|Any CPU = Debug|Any CPU
		Release|Any CPU = Release|Any CPU
	EndGlobalSection
	GlobalSection(ProjectConfigurationPlatforms) = postSolution
		{ECE94E4C-E514-49EE-97A2-97F33A3C3CE7}.Debug|Any CPU.ActiveCfg = Debug|Any CPU
		{ECE94E4C-E514-49EE-97A2-97F33A3C3CE7}.Debug|Any CPU.Build.0 = Debug|Any CPU
		{ECE94E4C-E514-49EE-97A2-97F33A3C3CE7}.Release|Any CPU.ActiveCfg = Release|Any CPU
		{ECE94E4C-E514-49EE-97A2-97F33A3C3CE7}.Release|Any CPU.Build.0 = Release|Any CPU
		{736082F2-0F35-4656-AA8C-3E0122382F21}.Debug|Any CPU.ActiveCfg = Debug|Any CPU
		{736082F2-0F35-4656-AA8C-3E0122382F21}.Debug|Any CPU.Build.0 = Debug|Any CPU
		{736082F2-0F35-4656-AA8C-3E0122382F21}.Release|Any CPU.ActiveCfg = Release|Any CPU
		{736082F2-0F35-4656-AA8C-3E0122382F21}.Release|Any CPU.Build.0 = Release|Any CPU
	EndGlobalSection
	GlobalSection(SolutionProperties) = preSolution
		HideSolutionNode = FALSE
	EndGlobalSection
EndGlobal
